
Microsoft Visual Studio Solution File, Format Version 12.00
# Visual Studio 15
VisualStudioVersion = 15.0.27004.2005
MinimumVisualStudioVersion = 10.0.40219.1
Project("{FAE04EC0-301F-11D3-BF4B-00C04F79EFBC}") = "BuildingService", "BuildingService\BuildingService.csproj", "{3940A3FF-0BAA-4011-8C54-35742E70EA30}"
EndProject
Global
	GlobalSection(SolutionConfigurationPlatforms) = preSolution
		Debug|Any CPU = Debug|Any CPU
		Release|Any CPU = Release|Any CPU
	EndGlobalSection
	GlobalSection(ProjectConfigurationPlatforms) = postSolution
		{3940A3FF-0BAA-4011-8C54-35742E70EA30}.Debug|Any CPU.ActiveCfg = Debug|Any CPU
		{3940A3FF-0BAA-4011-8C54-35742E70EA30}.Debug|Any CPU.Build.0 = Debug|Any CPU
		{3940A3FF-0BAA-4011-8C54-35742E70EA30}.Release|Any CPU.ActiveCfg = Release|Any CPU
		{3940A3FF-0BAA-4011-8C54-35742E70EA30}.Release|Any CPU.Build.0 = Release|Any CPU
	EndGlobalSection
	GlobalSection(SolutionProperties) = preSolution
		HideSolutionNode = FALSE
	EndGlobalSection
	GlobalSection(ExtensibilityGlobals) = postSolution
		SolutionGuid = {B43281A3-ECC9-4893-B6B8-67E48C841FF1}
	EndGlobalSection
EndGlobal
